
Microsoft Visual Studio Solution File, Format Version 12.00
# Visual Studio 15
VisualStudioVersion = 15.0.28307.421
MinimumVisualStudioVersion = 10.0.40219.1
Project("{FAE04EC0-301F-11D3-BF4B-00C04F79EFBC}") = "GTA Manager", "GTA Manager\GTA Manager.csproj", "{BBBA0568-F67D-4762-92B4-EBE3218CE2B6}"
EndProject
Global
	GlobalSection(SolutionConfigurationPlatforms) = preSolution
		Debug|Any CPU = Debug|Any CPU
		Release|Any CPU = Release|Any CPU
	EndGlobalSection
	GlobalSection(ProjectConfigurationPlatforms) = postSolution
		{BBBA0568-F67D-4762-92B4-EBE3218CE2B6}.Debug|Any CPU.ActiveCfg = Debug|Any CPU
		{BBBA0568-F67D-4762-92B4-EBE3218CE2B6}.Debug|Any CPU.Build.0 = Debug|Any CPU
		{BBBA0568-F67D-4762-92B4-EBE3218CE2B6}.Release|Any CPU.ActiveCfg = Release|Any CPU
		{BBBA0568-F67D-4762-92B4-EBE3218CE2B6}.Release|Any CPU.Build.0 = Release|Any CPU
	EndGlobalSection
	GlobalSection(SolutionProperties) = preSolution
		HideSolutionNode = FALSE
	EndGlobalSection
	GlobalSection(ExtensibilityGlobals) = postSolution
		SolutionGuid = {5615EA05-FE65-46DC-9F3A-342943FACD6B}
	EndGlobalSection
EndGlobal
